
Microsoft Visual Studio Solution File, Format Version 12.00
# Visual Studio Version 17
VisualStudioVersion = 17.2.32616.157
MinimumVisualStudioVersion = 10.0.40219.1
Project("{8BC9CEB8-8B4A-11D0-8D11-00A0C91BC942}") = "last lab", "last lab.vcxproj", "{23A7EB61-1A75-4D39-A7BB-341D04066020}"
EndProject
Global
	GlobalSection(SolutionConfigurationPlatforms) = preSolution
		Debug|x64 = Debug|x64
		Debug|x86 = Debug|x86
		Release|x64 = Release|x64
		Release|x86 = Release|x86
	EndGlobalSection
	GlobalSection(ProjectConfigurationPlatforms) = postSolution
		{23A7EB61-1A75-4D39-A7BB-341D04066020}.Debug|x64.ActiveCfg = Debug|x64
		{23A7EB61-1A75-4D39-A7BB-341D04066020}.Debug|x64.Build.0 = Debug|x64
		{23A7EB61-1A75-4D39-A7BB-341D04066020}.Debug|x86.ActiveCfg = Debug|Win32
		{23A7EB61-1A75-4D39-A7BB-341D04066020}.Debug|x86.Build.0 = Debug|Win32
		{23A7EB61-1A75-4D39-A7BB-341D04066020}.Release|x64.ActiveCfg = Release|x64
		{23A7EB61-1A75-4D39-A7BB-341D04066020}.Release|x64.Build.0 = Release|x64
		{23A7EB61-1A75-4D39-A7BB-341D04066020}.Release|x86.ActiveCfg = Release|Win32
		{23A7EB61-1A75-4D39-A7BB-341D04066020}.Release|x86.Build.0 = Release|Win32
	EndGlobalSection
	GlobalSection(SolutionProperties) = preSolution
		HideSolutionNode = FALSE
	EndGlobalSection
	GlobalSection(ExtensibilityGlobals) = postSolution
		SolutionGuid = {06868AB8-041B-4F23-9FCF-CA53712FE568}
	EndGlobalSection
EndGlobal
